
Microsoft Visual Studio Solution File, Format Version 12.00
# Visual Studio Version 17
Project("{8BC9CEB8-8B4A-11D0-8D11-00A0C91BC942}") = "ALL_BUILD", "ALL_BUILD.vcxproj", "{96F0454F-C9CA-3EC0-8292-723410975155}"
	ProjectSection(ProjectDependencies) = postProject
		{A5A023AA-8DE7-34CA-8C12-18ED32C915C0} = {A5A023AA-8DE7-34CA-8C12-18ED32C915C0}
		{1F6BFF0C-2801-3636-9158-21835562279E} = {1F6BFF0C-2801-3636-9158-21835562279E}
	EndProjectSection
EndProject
Project("{8BC9CEB8-8B4A-11D0-8D11-00A0C91BC942}") = "ZERO_CHECK", "ZERO_CHECK.vcxproj", "{A5A023AA-8DE7-34CA-8C12-18ED32C915C0}"
	ProjectSection(ProjectDependencies) = postProject
	EndProjectSection
EndProject
Project("{8BC9CEB8-8B4A-11D0-8D11-00A0C91BC942}") = "tower_mini", "tower_mini.vcxproj", "{1F6BFF0C-2801-3636-9158-21835562279E}"
	ProjectSection(ProjectDependencies) = postProject
		{A5A023AA-8DE7-34CA-8C12-18ED32C915C0} = {A5A023AA-8DE7-34CA-8C12-18ED32C915C0}
	EndProjectSection
EndProject
Global
	GlobalSection(SolutionConfigurationPlatforms) = preSolution
		Debug|x64 = Debug|x64
		Release|x64 = Release|x64
		MinSizeRel|x64 = MinSizeRel|x64
		RelWithDebInfo|x64 = RelWithDebInfo|x64
	EndGlobalSection
	GlobalSection(ProjectConfigurationPlatforms) = postSolution
		{96F0454F-C9CA-3EC0-8292-723410975155}.Debug|x64.ActiveCfg = Debug|x64
		{96F0454F-C9CA-3EC0-8292-723410975155}.Release|x64.ActiveCfg = Release|x64
		{96F0454F-C9CA-3EC0-8292-723410975155}.MinSizeRel|x64.ActiveCfg = MinSizeRel|x64
		{96F0454F-C9CA-3EC0-8292-723410975155}.RelWithDebInfo|x64.ActiveCfg = RelWithDebInfo|x64
		{A5A023AA-8DE7-34CA-8C12-18ED32C915C0}.Debug|x64.ActiveCfg = Debug|x64
		{A5A023AA-8DE7-34CA-8C12-18ED32C915C0}.Debug|x64.Build.0 = Debug|x64
		{A5A023AA-8DE7-34CA-8C12-18ED32C915C0}.Release|x64.ActiveCfg = Release|x64
		{A5A023AA-8DE7-34CA-8C12-18ED32C915C0}.Release|x64.Build.0 = Release|x64
		{A5A023AA-8DE7-34CA-8C12-18ED32C915C0}.MinSizeRel|x64.ActiveCfg = MinSizeRel|x64
		{A5A023AA-8DE7-34CA-8C12-18ED32C915C0}.MinSizeRel|x64.Build.0 = MinSizeRel|x64
		{A5A023AA-8DE7-34CA-8C12-18ED32C915C0}.RelWithDebInfo|x64.ActiveCfg = RelWithDebInfo|x64
		{A5A023AA-8DE7-34CA-8C12-18ED32C915C0}.RelWithDebInfo|x64.Build.0 = RelWithDebInfo|x64
		{1F6BFF0C-2801-3636-9158-21835562279E}.Debug|x64.ActiveCfg = Debug|x64
		{1F6BFF0C-2801-3636-9158-21835562279E}.Debug|x64.Build.0 = Debug|x64
		{1F6BFF0C-2801-3636-9158-21835562279E}.Release|x64.ActiveCfg = Release|x64
		{1F6BFF0C-2801-3636-9158-21835562279E}.Release|x64.Build.0 = Release|x64
		{1F6BFF0C-2801-3636-9158-21835562279E}.MinSizeRel|x64.ActiveCfg = MinSizeRel|x64
		{1F6BFF0C-2801-3636-9158-21835562279E}.MinSizeRel|x64.Build.0 = MinSizeRel|x64
		{1F6BFF0C-2801-3636-9158-21835562279E}.RelWithDebInfo|x64.ActiveCfg = RelWithDebInfo|x64
		{1F6BFF0C-2801-3636-9158-21835562279E}.RelWithDebInfo|x64.Build.0 = RelWithDebInfo|x64
	EndGlobalSection
	GlobalSection(ExtensibilityGlobals) = postSolution
		SolutionGuid = {280044F6-9857-318E-81D0-BFAC38C7651D}
	EndGlobalSection
	GlobalSection(ExtensibilityAddIns) = postSolution
	EndGlobalSection
EndGlobal
